
Microsoft Visual Studio Solution File, Format Version 12.00
# Visual Studio Version 17
VisualStudioVersion = 17.11.35312.102
MinimumVisualStudioVersion = 10.0.40219.1
Project("{FAE04EC0-301F-11D3-BF4B-00C04F79EFBC}") = "WebApiVaja", "WebApiVaja.csproj", "{15FB9EB8-080F-47C4-B8FB-DDE2E60B9A65}"
EndProject
Global
	GlobalSection(SolutionConfigurationPlatforms) = preSolution
		Debug|Any CPU = Debug|Any CPU
		Release|Any CPU = Release|Any CPU
	EndGlobalSection
	GlobalSection(ProjectConfigurationPlatforms) = postSolution
		{15FB9EB8-080F-47C4-B8FB-DDE2E60B9A65}.Debug|Any CPU.ActiveCfg = Debug|Any CPU
		{15FB9EB8-080F-47C4-B8FB-DDE2E60B9A65}.Debug|Any CPU.Build.0 = Debug|Any CPU
		{15FB9EB8-080F-47C4-B8FB-DDE2E60B9A65}.Release|Any CPU.ActiveCfg = Release|Any CPU
		{15FB9EB8-080F-47C4-B8FB-DDE2E60B9A65}.Release|Any CPU.Build.0 = Release|Any CPU
	EndGlobalSection
	GlobalSection(SolutionProperties) = preSolution
		HideSolutionNode = FALSE
	EndGlobalSection
	GlobalSection(ExtensibilityGlobals) = postSolution
		SolutionGuid = {19D0D0DD-3A8C-43A0-94CD-9AD1873A0F60}
	EndGlobalSection
EndGlobal
