
Microsoft Visual Studio Solution File, Format Version 12.00
# Visual Studio Version 17
VisualStudioVersion = 17.11.35312.102
MinimumVisualStudioVersion = 10.0.40219.1
Project("{FAE04EC0-301F-11D3-BF4B-00C04F79EFBC}") = "WebAPI", "WebAPI.csproj", "{AD947E5E-01CD-46A5-8367-F000704F80E2}"
EndProject
Global
	GlobalSection(SolutionConfigurationPlatforms) = preSolution
		Debug|Any CPU = Debug|Any CPU
		Release|Any CPU = Release|Any CPU
	EndGlobalSection
	GlobalSection(ProjectConfigurationPlatforms) = postSolution
		{AD947E5E-01CD-46A5-8367-F000704F80E2}.Debug|Any CPU.ActiveCfg = Debug|Any CPU
		{AD947E5E-01CD-46A5-8367-F000704F80E2}.Debug|Any CPU.Build.0 = Debug|Any CPU
		{AD947E5E-01CD-46A5-8367-F000704F80E2}.Release|Any CPU.ActiveCfg = Release|Any CPU
		{AD947E5E-01CD-46A5-8367-F000704F80E2}.Release|Any CPU.Build.0 = Release|Any CPU
	EndGlobalSection
	GlobalSection(SolutionProperties) = preSolution
		HideSolutionNode = FALSE
	EndGlobalSection
	GlobalSection(ExtensibilityGlobals) = postSolution
		SolutionGuid = {1B7EF949-311A-4DDC-BFDB-484334F21AEC}
	EndGlobalSection
EndGlobal
