
Microsoft Visual Studio Solution File, Format Version 12.00
# Visual Studio Version 17
VisualStudioVersion = 17.11.35312.102
MinimumVisualStudioVersion = 10.0.40219.1
Project("{FAE04EC0-301F-11D3-BF4B-00C04F79EFBC}") = "KlicAPI", "KlicAPI.csproj", "{E2707D39-ED49-4A8F-A0E4-2DDC0F984DBC}"
EndProject
Global
	GlobalSection(SolutionConfigurationPlatforms) = preSolution
		Debug|Any CPU = Debug|Any CPU
		Release|Any CPU = Release|Any CPU
	EndGlobalSection
	GlobalSection(ProjectConfigurationPlatforms) = postSolution
		{E2707D39-ED49-4A8F-A0E4-2DDC0F984DBC}.Debug|Any CPU.ActiveCfg = Debug|Any CPU
		{E2707D39-ED49-4A8F-A0E4-2DDC0F984DBC}.Debug|Any CPU.Build.0 = Debug|Any CPU
		{E2707D39-ED49-4A8F-A0E4-2DDC0F984DBC}.Release|Any CPU.ActiveCfg = Release|Any CPU
		{E2707D39-ED49-4A8F-A0E4-2DDC0F984DBC}.Release|Any CPU.Build.0 = Release|Any CPU
	EndGlobalSection
	GlobalSection(SolutionProperties) = preSolution
		HideSolutionNode = FALSE
	EndGlobalSection
	GlobalSection(ExtensibilityGlobals) = postSolution
		SolutionGuid = {57140EE0-0968-4FF4-BFA6-13F2E2ED7270}
	EndGlobalSection
EndGlobal
